
Microsoft Visual Studio Solution File, Format Version 12.00
# Visual Studio Version 17
VisualStudioVersion = 17.10.35013.160
MinimumVisualStudioVersion = 10.0.40219.1
Project("{FAE04EC0-301F-11D3-BF4B-00C04F79EFBC}") = "ExternalAPI.Client", "ExternalAPI.Client\ExternalAPI.Client.csproj", "{6B2BB104-27CE-4039-8FD0-553A48BFAA0D}"
EndProject
Project("{FAE04EC0-301F-11D3-BF4B-00C04F79EFBC}") = "ExternalAPI.API", "ExternalAPI.API\ExternalAPI.API.csproj", "{5EA85CB5-024F-4890-92B9-DA70B005C9E3}"
EndProject
Global
	GlobalSection(SolutionConfigurationPlatforms) = preSolution
		Debug|Any CPU = Debug|Any CPU
		Release|Any CPU = Release|Any CPU
	EndGlobalSection
	GlobalSection(ProjectConfigurationPlatforms) = postSolution
		{6B2BB104-27CE-4039-8FD0-553A48BFAA0D}.Debug|Any CPU.ActiveCfg = Debug|Any CPU
		{6B2BB104-27CE-4039-8FD0-553A48BFAA0D}.Debug|Any CPU.Build.0 = Debug|Any CPU
		{6B2BB104-27CE-4039-8FD0-553A48BFAA0D}.Release|Any CPU.ActiveCfg = Release|Any CPU
		{6B2BB104-27CE-4039-8FD0-553A48BFAA0D}.Release|Any CPU.Build.0 = Release|Any CPU
		{5EA85CB5-024F-4890-92B9-DA70B005C9E3}.Debug|Any CPU.ActiveCfg = Debug|Any CPU
		{5EA85CB5-024F-4890-92B9-DA70B005C9E3}.Debug|Any CPU.Build.0 = Debug|Any CPU
		{5EA85CB5-024F-4890-92B9-DA70B005C9E3}.Release|Any CPU.ActiveCfg = Release|Any CPU
		{5EA85CB5-024F-4890-92B9-DA70B005C9E3}.Release|Any CPU.Build.0 = Release|Any CPU
	EndGlobalSection
	GlobalSection(SolutionProperties) = preSolution
		HideSolutionNode = FALSE
	EndGlobalSection
	GlobalSection(ExtensibilityGlobals) = postSolution
		SolutionGuid = {39CA287F-C4E2-4703-8D4E-BDDF0C91B9DD}
	EndGlobalSection
EndGlobal
